
Microsoft Visual Studio Solution File, Format Version 12.00
# Visual Studio Version 16
VisualStudioVersion = 16.0.30717.126
MinimumVisualStudioVersion = 10.0.40219.1
Project("{FAE04EC0-301F-11D3-BF4B-00C04F79EFBC}") = "XMLCK", "XMLCK\XMLCK.csproj", "{76EF2E98-94F3-47DB-ACDF-C45A703A5057}"
EndProject
Global
	GlobalSection(SolutionConfigurationPlatforms) = preSolution
		Debug|Any CPU = Debug|Any CPU
		Release|Any CPU = Release|Any CPU
	EndGlobalSection
	GlobalSection(ProjectConfigurationPlatforms) = postSolution
		{76EF2E98-94F3-47DB-ACDF-C45A703A5057}.Debug|Any CPU.ActiveCfg = Debug|Any CPU
		{76EF2E98-94F3-47DB-ACDF-C45A703A5057}.Debug|Any CPU.Build.0 = Debug|Any CPU
		{76EF2E98-94F3-47DB-ACDF-C45A703A5057}.Release|Any CPU.ActiveCfg = Release|Any CPU
		{76EF2E98-94F3-47DB-ACDF-C45A703A5057}.Release|Any CPU.Build.0 = Release|Any CPU
	EndGlobalSection
	GlobalSection(SolutionProperties) = preSolution
		HideSolutionNode = FALSE
	EndGlobalSection
	GlobalSection(ExtensibilityGlobals) = postSolution
		SolutionGuid = {5D02E7F8-4AFB-4E8D-9139-DEDF61A53006}
	EndGlobalSection
EndGlobal
